
Microsoft Visual Studio Solution File, Format Version 12.00
# Visual Studio Version 16
VisualStudioVersion = 16.0.32802.440
MinimumVisualStudioVersion = 10.0.40219.1
Project("{888888A0-9F3D-457C-B088-3A5042F75D52}") = "AbilityStone Analyzer", "AbilityStone Analyzer.pyproj", "{56B7F90F-DF6A-4EDD-BE79-54BA5B8CDBA9}"
EndProject
Global
	GlobalSection(SolutionConfigurationPlatforms) = preSolution
		Debug|Any CPU = Debug|Any CPU
		Release|Any CPU = Release|Any CPU
	EndGlobalSection
	GlobalSection(ProjectConfigurationPlatforms) = postSolution
		{56B7F90F-DF6A-4EDD-BE79-54BA5B8CDBA9}.Debug|Any CPU.ActiveCfg = Debug|Any CPU
		{56B7F90F-DF6A-4EDD-BE79-54BA5B8CDBA9}.Release|Any CPU.ActiveCfg = Release|Any CPU
	EndGlobalSection
	GlobalSection(SolutionProperties) = preSolution
		HideSolutionNode = FALSE
	EndGlobalSection
	GlobalSection(ExtensibilityGlobals) = postSolution
		SolutionGuid = {8300D841-3F11-4D33-A4A9-87E8FADC6BFC}
	EndGlobalSection
EndGlobal
